{
  "name": "@bcai/edge-sdk",
  "version": "0.1.0",
  "lockfileVersion": 3,
  "requires": true,
  "packages": {
    "": {
      "name": "@bcai/edge-sdk",
      "version": "0.1.0",
      "license": "MIT",
      "dependencies": {
        "@cfworker/uuid": "^1.12.4"
      },
      "devDependencies": {
        "@cloudflare/workers-types": "^4.20240402.0",
        "typescript": "^5.4.3"
      }
    },
    "node_modules/@cfworker/uuid": {
      "version": "1.12.4",
      "resolved": "https://registry.npmjs.org/@cfworker/uuid/-/uuid-1.12.4.tgz",
      "integrity": "sha512-aw4lxCT4NLbGqlTScWPtPrZrg4TO6HCZCnNUAeC4yTOvkXjJGdJP6S5NCY9vtP2FruLIC+vYCvUP98fHXtF7kg=="
    },
    "node_modules/@cloudflare/workers-types": {
      "version": "4.20240405.0",
      "resolved": "https://registry.npmjs.org/@cloudflare/workers-types/-/workers-types-4.20240405.0.tgz",
      "integrity": "sha512-sEVOhyOgXUwfLkgHqbLZa/sfkSYrh7/zLmI6EZNibPaVPvAnAcItbNNl3SAlLyLKuwf8m4wAIAgu9meKWCvXjg==",
      "dev": true
    },
    "node_modules/typescript": {
      "version": "5.4.4",
      "resolved": "https://registry.npmjs.org/typescript/-/typescript-5.4.4.tgz",
      "integrity": "sha512-dGE2Vv8cpVvw28v8HCPqyb08EzbBURxDpuhJvTrusShUfGnhHBafDsLdS1EhhxyL6BJQE+2cT3dDPAv+MQ6oLw==",
      "dev": true,
      "bin": {
        "tsc": "bin/tsc",
        "tsserver": "bin/tsserver"
      },
      "engines": {
        "node": ">=14.17"
      }
    }
  }
}
